// !$*UTF8*$!
{
	archiveVersion = 1;
	classes = {
	};
	objectVersion = 77;
	objects = {

/* Begin PBXBuildFile section */
		05C4C0732BC72FF9CF494255 /* FavoriteAppsView.swift in Sources */ = {isa = PBXBuildFile; fileRef = 7897C5434249777AA29E313D /* FavoriteAppsView.swift */; };
		0605E792D4706BDD95A684BB /* AuthorizedFoldersView.swift in Sources */ = {isa = PBXBuildFile; fileRef = B03CF2B468F1B6F5E5BDF489 /* AuthorizedFoldersView.swift */; };
		095A8DC9257514774A6893D9 /* FavoriteAppStore.swift in Sources */ = {isa = PBXBuildFile; fileRef = CA3409FBDEF68A438AAAC286 /* FavoriteAppStore.swift */; };
		1A9975288E46EBBBF1C57CE1 /* LogStore.swift in Sources */ = {isa = PBXBuildFile; fileRef = 05AE769DD42B7C417C5EB09F /* LogStore.swift */; };
		23CE575E654F9D40883E792F /* FinderSync.swift in Sources */ = {isa = PBXBuildFile; fileRef = AC7206CC57FC1E452ECFEEB9 /* FinderSync.swift */; };
		27E434F9DDD9200EE4787E81 /* DockVisibility.swift in Sources */ = {isa = PBXBuildFile; fileRef = BCE6CDF6CC909BD740C84369 /* DockVisibility.swift */; };
		31F1DC5D36A3D5E2BCCE653A /* FinderSync.swift in Sources */ = {isa = PBXBuildFile; fileRef = AC7206CC57FC1E452ECFEEB9 /* FinderSync.swift */; };
		3300C73E263EEFD8F967A4AE /* FileCreator.swift in Sources */ = {isa = PBXBuildFile; fileRef = B719FF09BB9BFFFCFBE5789E /* FileCreator.swift */; };
		55C66EF8F2975627540BCFD7 /* FavoriteFolderStore.swift in Sources */ = {isa = PBXBuildFile; fileRef = C1BA2C0F842113110D29DC7A /* FavoriteFolderStore.swift */; };
		57194D372F3A217400E577A2 /* Messenger.swift in Sources */ = {isa = PBXBuildFile; fileRef = 62FE642907BFC078EB715517 /* Messenger.swift */; };
		571955D62F3A452A00E577A2 /* MenuConfig.swift in Sources */ = {isa = PBXBuildFile; fileRef = FB8ED63C76E9AE29FA9AC531 /* MenuConfig.swift */; };
		59C9205E9BB6268E019017CE /* ContentView.swift in Sources */ = {isa = PBXBuildFile; fileRef = 233F8EC4446307D237AB97DA /* ContentView.swift */; };
		78903CFDDAF663BBF802D620 /* MacRightClickFinderExtension.appex in Embed App Extensions */ = {isa = PBXBuildFile; fileRef = 0A19C171D937A72BFFB2F88C /* MacRightClickFinderExtension.appex */; };
		7CD133925C156C4E8F81E0FB /* SettingsView.swift in Sources */ = {isa = PBXBuildFile; fileRef = 98D8C90AA683A83BE38C9E67 /* SettingsView.swift */; };
		8B9A18895AF8DD3B92618767 /* FavoriteFoldersView.swift in Sources */ = {isa = PBXBuildFile; fileRef = 17D6917E3A2E18DFBBBA6699 /* FavoriteFoldersView.swift */; };
		8E9FD9F8F27093A8E906C329 /* MacRightClickApp.swift in Sources */ = {isa = PBXBuildFile; fileRef = 7EF8BA438EC9CA805A15C262 /* MacRightClickApp.swift */; };
		91B595EAB94DCB413816FA5B /* TemplateStore.swift in Sources */ = {isa = PBXBuildFile; fileRef = 43C3DFCBD13191D21BD1FCB1 /* TemplateStore.swift */; };
		B42E3CB591EACD074A074453 /* LogStore.swift in Sources */ = {isa = PBXBuildFile; fileRef = 05AE769DD42B7C417C5EB09F /* LogStore.swift */; };
		BA797FD6746F467ECB4798AD /* MenuConfigView.swift in Sources */ = {isa = PBXBuildFile; fileRef = 40EBB6B04760A7D035E68D1B /* MenuConfigView.swift */; };
		C977CD5318DB3497DE899A56 /* LogView.swift in Sources */ = {isa = PBXBuildFile; fileRef = A997B5EA222547C1A612C9E6 /* LogView.swift */; };
		CFE2F2179561313BC7C22E34 /* FinderSync.swift in Sources */ = {isa = PBXBuildFile; fileRef = AC7206CC57FC1E452ECFEEB9 /* FinderSync.swift */; };
		D99EB5DCF15D94C007EF0AEA /* MenuConfig.swift in Sources */ = {isa = PBXBuildFile; fileRef = FB8ED63C76E9AE29FA9AC531 /* MenuConfig.swift */; };
		DE1BCD2FC33AC6376ED518B5 /* AuthorizedFolderStore.swift in Sources */ = {isa = PBXBuildFile; fileRef = 089CC7ADC531646B79FD1F93 /* AuthorizedFolderStore.swift */; };
		F15CFF46E89ECB17BA5812AB /* Messenger.swift in Sources */ = {isa = PBXBuildFile; fileRef = 62FE642907BFC078EB715517 /* Messenger.swift */; };
/* End PBXBuildFile section */

/* Begin PBXCopyFilesBuildPhase section */
		77A6C8DE1722486EF31669FF /* Embed App Extensions */ = {
			isa = PBXCopyFilesBuildPhase;
			buildActionMask = 2147483647;
			dstPath = "";
			dstSubfolderSpec = 13;
			files = (
				78903CFDDAF663BBF802D620 /* MacRightClickFinderExtension.appex in Embed App Extensions */,
			);
			name = "Embed App Extensions";
			runOnlyForDeploymentPostprocessing = 0;
		};
/* End PBXCopyFilesBuildPhase section */

/* Begin PBXFileReference section */
		05AE769DD42B7C417C5EB09F /* LogStore.swift */ = {isa = PBXFileReference; explicitFileType = sourcecode.swift; name = LogStore.swift; path = Shared/LogStore.swift; sourceTree = SOURCE_ROOT; };
		085A16C60E0A95C11D5601EE /* record1.md */ = {isa = PBXFileReference; explicitFileType = net.daringfireball.markdown; name = record1.md; path = AI/record/record1.md; sourceTree = SOURCE_ROOT; };
		089CC7ADC531646B79FD1F93 /* AuthorizedFolderStore.swift */ = {isa = PBXFileReference; explicitFileType = sourcecode.swift; name = AuthorizedFolderStore.swift; path = Shared/AuthorizedFolderStore.swift; sourceTree = SOURCE_ROOT; };
		0A19C171D937A72BFFB2F88C /* MacRightClickFinderExtension.appex */ = {isa = PBXFileReference; explicitFileType = "wrapper.app-extension"; includeInIndex = 0; path = MacRightClickFinderExtension.appex; sourceTree = BUILT_PRODUCTS_DIR; };
		17D6917E3A2E18DFBBBA6699 /* FavoriteFoldersView.swift */ = {isa = PBXFileReference; explicitFileType = sourcecode.swift; lastKnownFileType = sourcecode.swift; name = FavoriteFoldersView.swift; path = MacRightClick/FavoriteFoldersView.swift; sourceTree = SOURCE_ROOT; };
		20348A321C54F96DAFEAAFF0 /* 右键菜单规划与实现方案.md */ = {isa = PBXFileReference; explicitFileType = net.daringfireball.markdown; name = "右键菜单规划与实现方案.md"; path = "AI/plan/右键菜单规划与实现方案.md"; sourceTree = SOURCE_ROOT; };
		233F8EC4446307D237AB97DA /* ContentView.swift */ = {isa = PBXFileReference; explicitFileType = sourcecode.swift; name = ContentView.swift; path = MacRightClick/ContentView.swift; sourceTree = SOURCE_ROOT; };
		40EBB6B04760A7D035E68D1B /* MenuConfigView.swift */ = {isa = PBXFileReference; explicitFileType = sourcecode.swift; name = MenuConfigView.swift; path = MacRightClick/MenuConfigView.swift; sourceTree = SOURCE_ROOT; };
		43C3DFCBD13191D21BD1FCB1 /* TemplateStore.swift */ = {isa = PBXFileReference; explicitFileType = sourcecode.swift; name = TemplateStore.swift; path = Shared/TemplateStore.swift; sourceTree = SOURCE_ROOT; };
		57A55DF92F39C4EF005A6194 /* MacRightClick.app */ = {isa = PBXFileReference; explicitFileType = wrapper.application; includeInIndex = 0; path = MacRightClick.app; sourceTree = BUILT_PRODUCTS_DIR; };
		62FE642907BFC078EB715517 /* Messenger.swift */ = {isa = PBXFileReference; explicitFileType = sourcecode.swift; name = Messenger.swift; path = Shared/Messenger.swift; sourceTree = SOURCE_ROOT; };
		7897C5434249777AA29E313D /* FavoriteAppsView.swift */ = {isa = PBXFileReference; explicitFileType = sourcecode.swift; lastKnownFileType = sourcecode.swift; name = FavoriteAppsView.swift; path = MacRightClick/FavoriteAppsView.swift; sourceTree = SOURCE_ROOT; };
		7E7CA3A4AB12D220EE8631E9 /* Contents.json */ = {isa = PBXFileReference; explicitFileType = text.json; name = Contents.json; path = MacRightClick/Assets.xcassets/MenuBarIcon.imageset/Contents.json; sourceTree = SOURCE_ROOT; };
		7EF8BA438EC9CA805A15C262 /* MacRightClickApp.swift */ = {isa = PBXFileReference; explicitFileType = sourcecode.swift; name = MacRightClickApp.swift; path = MacRightClick/MacRightClickApp.swift; sourceTree = SOURCE_ROOT; };
		98D8C90AA683A83BE38C9E67 /* SettingsView.swift */ = {isa = PBXFileReference; explicitFileType = sourcecode.swift; name = SettingsView.swift; path = MacRightClick/SettingsView.swift; sourceTree = SOURCE_ROOT; };
		A997B5EA222547C1A612C9E6 /* LogView.swift */ = {isa = PBXFileReference; explicitFileType = sourcecode.swift; name = LogView.swift; path = MacRightClick/LogView.swift; sourceTree = SOURCE_ROOT; };
		AC7206CC57FC1E452ECFEEB9 /* FinderSync.swift */ = {isa = PBXFileReference; explicitFileType = sourcecode.swift; name = FinderSync.swift; path = MacRightClickFinderExtension/FinderSync.swift; sourceTree = SOURCE_ROOT; };
		B03CF2B468F1B6F5E5BDF489 /* AuthorizedFoldersView.swift */ = {isa = PBXFileReference; explicitFileType = sourcecode.swift; name = AuthorizedFoldersView.swift; path = MacRightClick/AuthorizedFoldersView.swift; sourceTree = SOURCE_ROOT; };
		B719FF09BB9BFFFCFBE5789E /* FileCreator.swift */ = {isa = PBXFileReference; explicitFileType = sourcecode.swift; name = FileCreator.swift; path = Shared/FileCreator.swift; sourceTree = SOURCE_ROOT; };
		B78CD95FB5D29DE2731166A9 /* build-dmg.yml */ = {isa = PBXFileReference; explicitFileType = text.yaml; lastKnownFileType = text.yaml; name = "build-dmg.yml"; path = ".github/workflows/build-dmg.yml"; sourceTree = SOURCE_ROOT; };
		BCE6CDF6CC909BD740C84369 /* DockVisibility.swift */ = {isa = PBXFileReference; explicitFileType = sourcecode.swift; name = DockVisibility.swift; path = MacRightClick/DockVisibility.swift; sourceTree = SOURCE_ROOT; };
		BF05810270C645D614E89A20 /* 不弹窗.md */ = {isa = PBXFileReference; explicitFileType = net.daringfireball.markdown; name = "不弹窗.md"; path = "AI/record/不弹窗.md"; sourceTree = SOURCE_ROOT; };
		C1BA2C0F842113110D29DC7A /* FavoriteFolderStore.swift */ = {isa = PBXFileReference; explicitFileType = sourcecode.swift; name = FavoriteFolderStore.swift; path = Shared/FavoriteFolderStore.swift; sourceTree = SOURCE_ROOT; };
		CA3409FBDEF68A438AAAC286 /* FavoriteAppStore.swift */ = {isa = PBXFileReference; explicitFileType = sourcecode.swift; name = FavoriteAppStore.swift; path = Shared/FavoriteAppStore.swift; sourceTree = SOURCE_ROOT; };
		DB494B770E08E47A7828BC04 /* workspace.xml */ = {isa = PBXFileReference; explicitFileType = text.xml; name = workspace.xml; path = .idea/workspace.xml; sourceTree = SOURCE_ROOT; };
		DFD2F425A2BB2EC57906B2D9 /* MacRightClick.entitlements */ = {isa = PBXFileReference; explicitFileType = text.plist.entitlements; name = MacRightClick.entitlements; path = MacRightClick/MacRightClick.entitlements; sourceTree = SOURCE_ROOT; };
		E581443D7B4833EE72E1AD06 /* 商业化功能.md */ = {isa = PBXFileReference; explicitFileType = net.daringfireball.markdown; name = "商业化功能.md"; path = "AI/record/商业化功能.md"; sourceTree = SOURCE_ROOT; };
		FB8ED63C76E9AE29FA9AC531 /* MenuConfig.swift */ = {isa = PBXFileReference; explicitFileType = sourcecode.swift; name = MenuConfig.swift; path = Shared/MenuConfig.swift; sourceTree = SOURCE_ROOT; };
		FF82FB32C7F04D16D2891376 /* 功能.md */ = {isa = PBXFileReference; explicitFileType = net.daringfireball.markdown; name = "功能.md"; path = "AI/record/功能.md"; sourceTree = SOURCE_ROOT; };
/* End PBXFileReference section */

/* Begin PBXFileSystemSynchronizedRootGroup section */
		57A55DFB2F39C4EF005A6194 /* MacRightClick */ = {
			isa = PBXFileSystemSynchronizedRootGroup;
			path = MacRightClick;
			sourceTree = "<group>";
		};
		5D9749603F2E78A7C4C9194A /* MacRightClickFinderExtension */ = {
			isa = PBXFileSystemSynchronizedRootGroup;
			path = MacRightClickFinderExtension;
			sourceTree = "<group>";
		};
		777087C923183779214D547B /* Shared */ = {
			isa = PBXFileSystemSynchronizedRootGroup;
			path = Shared;
			sourceTree = "<group>";
		};
/* End PBXFileSystemSynchronizedRootGroup section */

/* Begin PBXFrameworksBuildPhase section */
		1E08624FEDADA09CB2484BD6 /* Frameworks */ = {
			isa = PBXFrameworksBuildPhase;
			buildActionMask = 2147483647;
			files = (
			);
			runOnlyForDeploymentPostprocessing = 0;
		};
		57A55DF62F39C4EF005A6194 /* Frameworks */ = {
			isa = PBXFrameworksBuildPhase;
			buildActionMask = 2147483647;
			files = (
			);
			runOnlyForDeploymentPostprocessing = 0;
		};
/* End PBXFrameworksBuildPhase section */

/* Begin PBXGroup section */
		57A55DF02F39C4EF005A6194 = {
			isa = PBXGroup;
			children = (
				57A55DFB2F39C4EF005A6194 /* MacRightClick */,
				777087C923183779214D547B /* Shared */,
				5D9749603F2E78A7C4C9194A /* MacRightClickFinderExtension */,
				57A55DFA2F39C4EF005A6194 /* Products */,
				233F8EC4446307D237AB97DA /* ContentView.swift */,
				AC7206CC57FC1E452ECFEEB9 /* FinderSync.swift */,
				43C3DFCBD13191D21BD1FCB1 /* TemplateStore.swift */,
				DB494B770E08E47A7828BC04 /* workspace.xml */,
				05AE769DD42B7C417C5EB09F /* LogStore.swift */,
				A997B5EA222547C1A612C9E6 /* LogView.swift */,
				7EF8BA438EC9CA805A15C262 /* MacRightClickApp.swift */,
				085A16C60E0A95C11D5601EE /* record1.md */,
				62FE642907BFC078EB715517 /* Messenger.swift */,
				089CC7ADC531646B79FD1F93 /* AuthorizedFolderStore.swift */,
				B719FF09BB9BFFFCFBE5789E /* FileCreator.swift */,
				B03CF2B468F1B6F5E5BDF489 /* AuthorizedFoldersView.swift */,
				DFD2F425A2BB2EC57906B2D9 /* MacRightClick.entitlements */,
				BF05810270C645D614E89A20 /* 不弹窗.md */,
				FF82FB32C7F04D16D2891376 /* 功能.md */,
				98D8C90AA683A83BE38C9E67 /* SettingsView.swift */,
				7E7CA3A4AB12D220EE8631E9 /* Contents.json */,
				BCE6CDF6CC909BD740C84369 /* DockVisibility.swift */,
				20348A321C54F96DAFEAAFF0 /* 右键菜单规划与实现方案.md */,
				FB8ED63C76E9AE29FA9AC531 /* MenuConfig.swift */,
				40EBB6B04760A7D035E68D1B /* MenuConfigView.swift */,
				E581443D7B4833EE72E1AD06 /* 商业化功能.md */,
				C1BA2C0F842113110D29DC7A /* FavoriteFolderStore.swift */,
				CA3409FBDEF68A438AAAC286 /* FavoriteAppStore.swift */,
				17D6917E3A2E18DFBBBA6699 /* FavoriteFoldersView.swift */,
				7897C5434249777AA29E313D /* FavoriteAppsView.swift */,
				B78CD95FB5D29DE2731166A9 /* build-dmg.yml */,
			);
			sourceTree = "<group>";
		};
		57A55DFA2F39C4EF005A6194 /* Products */ = {
			isa = PBXGroup;
			children = (
				57A55DF92F39C4EF005A6194 /* MacRightClick.app */,
				0A19C171D937A72BFFB2F88C /* MacRightClickFinderExtension.appex */,
			);
			name = Products;
			sourceTree = "<group>";
		};
/* End PBXGroup section */

/* Begin PBXNativeTarget section */
		041ACB51FFF99DBA3E35DFB2 /* MacRightClickFinderExtension */ = {
			isa = PBXNativeTarget;
			buildConfigurationList = 2815F4B0C06DC0CEEA338E6A /* Build configuration list for PBXNativeTarget "MacRightClickFinderExtension" */;
			buildPhases = (
				1432A26FE21A170CF62A73B8 /* Sources */,
				1E08624FEDADA09CB2484BD6 /* Frameworks */,
				1F5D42EB4E2CC52346D826E2 /* Resources */,
			);
			buildRules = (
			);
			dependencies = (
			);
			fileSystemSynchronizedGroups = (
				5D9749603F2E78A7C4C9194A /* MacRightClickFinderExtension */,
				777087C923183779214D547B /* Shared */,
			);
			name = MacRightClickFinderExtension;
			packageProductDependencies = (
			);
			productName = MacRightClickFinderExtension;
			productReference = 0A19C171D937A72BFFB2F88C /* MacRightClickFinderExtension.appex */;
			productType = "com.apple.product-type.app-extension";
		};
		57A55DF82F39C4EF005A6194 /* MacRightClick */ = {
			isa = PBXNativeTarget;
			buildConfigurationList = 57A55E062F39C4F0005A6194 /* Build configuration list for PBXNativeTarget "MacRightClick" */;
			buildPhases = (
				57A55DF52F39C4EF005A6194 /* Sources */,
				57A55DF62F39C4EF005A6194 /* Frameworks */,
				57A55DF72F39C4EF005A6194 /* Resources */,
				77A6C8DE1722486EF31669FF /* Embed App Extensions */,
			);
			buildRules = (
			);
			dependencies = (
			);
			fileSystemSynchronizedGroups = (
				57A55DFB2F39C4EF005A6194 /* MacRightClick */,
				777087C923183779214D547B /* Shared */,
			);
			name = MacRightClick;
			packageProductDependencies = (
			);
			productName = MacRightClick;
			productReference = 57A55DF92F39C4EF005A6194 /* MacRightClick.app */;
			productType = "com.apple.product-type.application";
		};
/* End PBXNativeTarget section */

/* Begin PBXProject section */
		57A55DF12F39C4EF005A6194 /* Project object */ = {
			isa = PBXProject;
			attributes = {
				BuildIndependentTargetsInParallel = 1;
				LastSwiftUpdateCheck = 2620;
				LastUpgradeCheck = 2620;
				TargetAttributes = {
					041ACB51FFF99DBA3E35DFB2 = {
						CreatedOnToolsVersion = 26.2;
					};
					57A55DF82F39C4EF005A6194 = {
						CreatedOnToolsVersion = 26.2;
					};
				};
			};
			buildConfigurationList = 57A55DF42F39C4EF005A6194 /* Build configuration list for PBXProject "MacRightClick" */;
			developmentRegion = en;
			hasScannedForEncodings = 0;
			knownRegions = (
				en,
				Base,
			);
			mainGroup = 57A55DF02F39C4EF005A6194;
			minimizedProjectReferenceProxies = 1;
			preferredProjectObjectVersion = 77;
			productRefGroup = 57A55DFA2F39C4EF005A6194 /* Products */;
			projectDirPath = "";
			projectRoot = "";
			targets = (
				57A55DF82F39C4EF005A6194 /* MacRightClick */,
				041ACB51FFF99DBA3E35DFB2 /* MacRightClickFinderExtension */,
			);
		};
/* End PBXProject section */

/* Begin PBXResourcesBuildPhase section */
		1F5D42EB4E2CC52346D826E2 /* Resources */ = {
			isa = PBXResourcesBuildPhase;
			buildActionMask = 2147483647;
			files = (
			);
			runOnlyForDeploymentPostprocessing = 0;
		};
		57A55DF72F39C4EF005A6194 /* Resources */ = {
			isa = PBXResourcesBuildPhase;
			buildActionMask = 2147483647;
			files = (
			);
			runOnlyForDeploymentPostprocessing = 0;
		};
/* End PBXResourcesBuildPhase section */

/* Begin PBXSourcesBuildPhase section */
		1432A26FE21A170CF62A73B8 /* Sources */ = {
			isa = PBXSourcesBuildPhase;
			buildActionMask = 2147483647;
			files = (
				23CE575E654F9D40883E792F /* FinderSync.swift in Sources */,
				57194D372F3A217400E577A2 /* Messenger.swift in Sources */,
				B42E3CB591EACD074A074453 /* LogStore.swift in Sources */,
				571955D62F3A452A00E577A2 /* MenuConfig.swift in Sources */,
			);
			runOnlyForDeploymentPostprocessing = 0;
		};
		57A55DF52F39C4EF005A6194 /* Sources */ = {
			isa = PBXSourcesBuildPhase;
			buildActionMask = 2147483647;
			files = (
				59C9205E9BB6268E019017CE /* ContentView.swift in Sources */,
				91B595EAB94DCB413816FA5B /* TemplateStore.swift in Sources */,
				C977CD5318DB3497DE899A56 /* LogView.swift in Sources */,
				8E9FD9F8F27093A8E906C329 /* MacRightClickApp.swift in Sources */,
				1A9975288E46EBBBF1C57CE1 /* LogStore.swift in Sources */,
				DE1BCD2FC33AC6376ED518B5 /* AuthorizedFolderStore.swift in Sources */,
				3300C73E263EEFD8F967A4AE /* FileCreator.swift in Sources */,
				27E434F9DDD9200EE4787E81 /* DockVisibility.swift in Sources */,
				0605E792D4706BDD95A684BB /* AuthorizedFoldersView.swift in Sources */,
				F15CFF46E89ECB17BA5812AB /* Messenger.swift in Sources */,
				7CD133925C156C4E8F81E0FB /* SettingsView.swift in Sources */,
				BA797FD6746F467ECB4798AD /* MenuConfigView.swift in Sources */,
				D99EB5DCF15D94C007EF0AEA /* MenuConfig.swift in Sources */,
				8B9A18895AF8DD3B92618767 /* FavoriteFoldersView.swift in Sources */,
				05C4C0732BC72FF9CF494255 /* FavoriteAppsView.swift in Sources */,
				55C66EF8F2975627540BCFD7 /* FavoriteFolderStore.swift in Sources */,
				095A8DC9257514774A6893D9 /* FavoriteAppStore.swift in Sources */,
				CFE2F2179561313BC7C22E34 /* FinderSync.swift in Sources */,
				31F1DC5D36A3D5E2BCCE653A /* FinderSync.swift in Sources */,
			);
			runOnlyForDeploymentPostprocessing = 0;
		};
/* End PBXSourcesBuildPhase section */

/* Begin XCBuildConfiguration section */
		343D896751901579FE4B6A28 /* Debug */ = {
			isa = XCBuildConfiguration;
			buildSettings = {
				CODE_SIGN_ENTITLEMENTS = MacRightClickFinderExtension/MacRightClickFinderExtension.entitlements;
				CODE_SIGN_STYLE = Automatic;
				COMBINE_HIDPI_IMAGES = YES;
				CURRENT_PROJECT_VERSION = 1;
				DEVELOPMENT_TEAM = 2VU69Q9CGK;
				ENABLE_APP_SANDBOX = YES;
				ENABLE_HARDENED_RUNTIME = YES;
				GENERATE_INFOPLIST_FILE = NO;
				INFOPLIST_FILE = MacRightClickFinderExtension/Info.plist;
				LD_RUNPATH_SEARCH_PATHS = (
					"$(inherited)",
					"@executable_path/../Frameworks",
					"@executable_path/../../Frameworks",
				);
				MARKETING_VERSION = 1.0;
				PRODUCT_BUNDLE_IDENTIFIER = com.biliww.MacRightClick.FinderExtension;
				PRODUCT_NAME = "$(TARGET_NAME)";
				SKIP_INSTALL = YES;
				SWIFT_DEFAULT_ACTOR_ISOLATION = MainActor;
				SWIFT_VERSION = 5.0;
			};
			name = Debug;
		};
		42CA4F3D9EA798B2CE4741BD /* Release */ = {
			isa = XCBuildConfiguration;
			buildSettings = {
				CODE_SIGN_ENTITLEMENTS = MacRightClickFinderExtension/MacRightClickFinderExtension.entitlements;
				CODE_SIGN_STYLE = Automatic;
				COMBINE_HIDPI_IMAGES = YES;
				CURRENT_PROJECT_VERSION = 1;
				DEVELOPMENT_TEAM = 2VU69Q9CGK;
				ENABLE_APP_SANDBOX = YES;
				ENABLE_HARDENED_RUNTIME = YES;
				GENERATE_INFOPLIST_FILE = NO;
				INFOPLIST_FILE = MacRightClickFinderExtension/Info.plist;
				LD_RUNPATH_SEARCH_PATHS = (
					"$(inherited)",
					"@executable_path/../Frameworks",
					"@executable_path/../../Frameworks",
				);
				MARKETING_VERSION = 1.0;
				PRODUCT_BUNDLE_IDENTIFIER = com.biliww.MacRightClick.FinderExtension;
				PRODUCT_NAME = "$(TARGET_NAME)";
				SKIP_INSTALL = YES;
				SWIFT_DEFAULT_ACTOR_ISOLATION = MainActor;
				SWIFT_VERSION = 5.0;
			};
			name = Release;
		};
		57A55E042F39C4F0005A6194 /* Debug */ = {
			isa = XCBuildConfiguration;
			buildSettings = {
				ALWAYS_SEARCH_USER_PATHS = NO;
				ASSETCATALOG_COMPILER_GENERATE_SWIFT_ASSET_SYMBOL_EXTENSIONS = YES;
				CLANG_ANALYZER_NONNULL = YES;
				CLANG_ANALYZER_NUMBER_OBJECT_CONVERSION = YES_AGGRESSIVE;
				CLANG_CXX_LANGUAGE_STANDARD = "gnu++20";
				CLANG_ENABLE_MODULES = YES;
				CLANG_ENABLE_OBJC_ARC = YES;
				CLANG_ENABLE_OBJC_WEAK = YES;
				CLANG_WARN_BLOCK_CAPTURE_AUTORELEASING = YES;
				CLANG_WARN_BOOL_CONVERSION = YES;
				CLANG_WARN_COMMA = YES;
				CLANG_WARN_CONSTANT_CONVERSION = YES;
				CLANG_WARN_DEPRECATED_OBJC_IMPLEMENTATIONS = YES;
				CLANG_WARN_DIRECT_OBJC_ISA_USAGE = YES_ERROR;
				CLANG_WARN_DOCUMENTATION_COMMENTS = YES;
				CLANG_WARN_EMPTY_BODY = YES;
				CLANG_WARN_ENUM_CONVERSION = YES;
				CLANG_WARN_INFINITE_RECURSION = YES;
				CLANG_WARN_INT_CONVERSION = YES;
				CLANG_WARN_NON_LITERAL_NULL_CONVERSION = YES;
				CLANG_WARN_OBJC_IMPLICIT_RETAIN_SELF = YES;
				CLANG_WARN_OBJC_LITERAL_CONVERSION = YES;
				CLANG_WARN_OBJC_ROOT_CLASS = YES_ERROR;
				CLANG_WARN_QUOTED_INCLUDE_IN_FRAMEWORK_HEADER = YES;
				CLANG_WARN_RANGE_LOOP_ANALYSIS = YES;
				CLANG_WARN_STRICT_PROTOTYPES = YES;
				CLANG_WARN_SUSPICIOUS_MOVE = YES;
				CLANG_WARN_UNGUARDED_AVAILABILITY = YES_AGGRESSIVE;
				CLANG_WARN_UNREACHABLE_CODE = YES;
				CLANG_WARN__DUPLICATE_METHOD_MATCH = YES;
				COPY_PHASE_STRIP = NO;
				DEBUG_INFORMATION_FORMAT = dwarf;
				DEVELOPMENT_TEAM = 2VU69Q9CGK;
				ENABLE_STRICT_OBJC_MSGSEND = YES;
				ENABLE_TESTABILITY = YES;
				ENABLE_USER_SCRIPT_SANDBOXING = YES;
				GCC_C_LANGUAGE_STANDARD = gnu17;
				GCC_DYNAMIC_NO_PIC = NO;
				GCC_NO_COMMON_BLOCKS = YES;
				GCC_OPTIMIZATION_LEVEL = 0;
				GCC_PREPROCESSOR_DEFINITIONS = (
					"DEBUG=1",
					"$(inherited)",
				);
				GCC_WARN_64_TO_32_BIT_CONVERSION = YES;
				GCC_WARN_ABOUT_RETURN_TYPE = YES_ERROR;
				GCC_WARN_UNDECLARED_SELECTOR = YES;
				GCC_WARN_UNINITIALIZED_AUTOS = YES_AGGRESSIVE;
				GCC_WARN_UNUSED_FUNCTION = YES;
				GCC_WARN_UNUSED_VARIABLE = YES;
				LOCALIZATION_PREFERS_STRING_CATALOGS = YES;
				MACOSX_DEPLOYMENT_TARGET = 26.2;
				MTL_ENABLE_DEBUG_INFO = INCLUDE_SOURCE;
				MTL_FAST_MATH = YES;
				ONLY_ACTIVE_ARCH = YES;
				SDKROOT = macosx;
				SWIFT_ACTIVE_COMPILATION_CONDITIONS = "DEBUG $(inherited)";
				SWIFT_OPTIMIZATION_LEVEL = "-Onone";
			};
			name = Debug;
		};
		57A55E052F39C4F0005A6194 /* Release */ = {
			isa = XCBuildConfiguration;
			buildSettings = {
				ALWAYS_SEARCH_USER_PATHS = NO;
				ASSETCATALOG_COMPILER_GENERATE_SWIFT_ASSET_SYMBOL_EXTENSIONS = YES;
				CLANG_ANALYZER_NONNULL = YES;
				CLANG_ANALYZER_NUMBER_OBJECT_CONVERSION = YES_AGGRESSIVE;
				CLANG_CXX_LANGUAGE_STANDARD = "gnu++20";
				CLANG_ENABLE_MODULES = YES;
				CLANG_ENABLE_OBJC_ARC = YES;
				CLANG_ENABLE_OBJC_WEAK = YES;
				CLANG_WARN_BLOCK_CAPTURE_AUTORELEASING = YES;
				CLANG_WARN_BOOL_CONVERSION = YES;
				CLANG_WARN_COMMA = YES;
				CLANG_WARN_CONSTANT_CONVERSION = YES;
				CLANG_WARN_DEPRECATED_OBJC_IMPLEMENTATIONS = YES;
				CLANG_WARN_DIRECT_OBJC_ISA_USAGE = YES_ERROR;
				CLANG_WARN_DOCUMENTATION_COMMENTS = YES;
				CLANG_WARN_EMPTY_BODY = YES;
				CLANG_WARN_ENUM_CONVERSION = YES;
				CLANG_WARN_INFINITE_RECURSION = YES;
				CLANG_WARN_INT_CONVERSION = YES;
				CLANG_WARN_NON_LITERAL_NULL_CONVERSION = YES;
				CLANG_WARN_OBJC_IMPLICIT_RETAIN_SELF = YES;
				CLANG_WARN_OBJC_LITERAL_CONVERSION = YES;
				CLANG_WARN_OBJC_ROOT_CLASS = YES_ERROR;
				CLANG_WARN_QUOTED_INCLUDE_IN_FRAMEWORK_HEADER = YES;
				CLANG_WARN_RANGE_LOOP_ANALYSIS = YES;
				CLANG_WARN_STRICT_PROTOTYPES = YES;
				CLANG_WARN_SUSPICIOUS_MOVE = YES;
				CLANG_WARN_UNGUARDED_AVAILABILITY = YES_AGGRESSIVE;
				CLANG_WARN_UNREACHABLE_CODE = YES;
				CLANG_WARN__DUPLICATE_METHOD_MATCH = YES;
				COPY_PHASE_STRIP = NO;
				DEBUG_INFORMATION_FORMAT = "dwarf-with-dsym";
				DEVELOPMENT_TEAM = 2VU69Q9CGK;
				ENABLE_NS_ASSERTIONS = NO;
				ENABLE_STRICT_OBJC_MSGSEND = YES;
				ENABLE_USER_SCRIPT_SANDBOXING = YES;
				GCC_C_LANGUAGE_STANDARD = gnu17;
				GCC_NO_COMMON_BLOCKS = YES;
				GCC_WARN_64_TO_32_BIT_CONVERSION = YES;
				GCC_WARN_ABOUT_RETURN_TYPE = YES_ERROR;
				GCC_WARN_UNDECLARED_SELECTOR = YES;
				GCC_WARN_UNINITIALIZED_AUTOS = YES_AGGRESSIVE;
				GCC_WARN_UNUSED_FUNCTION = YES;
				GCC_WARN_UNUSED_VARIABLE = YES;
				LOCALIZATION_PREFERS_STRING_CATALOGS = YES;
				MACOSX_DEPLOYMENT_TARGET = 26.2;
				MTL_ENABLE_DEBUG_INFO = NO;
				MTL_FAST_MATH = YES;
				SDKROOT = macosx;
				SWIFT_COMPILATION_MODE = wholemodule;
			};
			name = Release;
		};
		57A55E072F39C4F0005A6194 /* Debug */ = {
			isa = XCBuildConfiguration;
			buildSettings = {
				ASSETCATALOG_COMPILER_APPICON_NAME = AppIcon;
				ASSETCATALOG_COMPILER_GLOBAL_ACCENT_COLOR_NAME = AccentColor;
				CODE_SIGN_ENTITLEMENTS = MacRightClick/MacRightClick.entitlements;
				CODE_SIGN_STYLE = Automatic;
				COMBINE_HIDPI_IMAGES = YES;
				CURRENT_PROJECT_VERSION = 1;
				DEVELOPMENT_TEAM = 2VU69Q9CGK;
				ENABLE_APP_SANDBOX = YES;
				ENABLE_HARDENED_RUNTIME = YES;
				ENABLE_PREVIEWS = YES;
				ENABLE_USER_SELECTED_FILES = readonly;
				GENERATE_INFOPLIST_FILE = YES;
				INFOPLIST_KEY_NSHumanReadableCopyright = "";
				LD_RUNPATH_SEARCH_PATHS = (
					"$(inherited)",
					"@executable_path/../Frameworks",
				);
				MARKETING_VERSION = 1.0;
				PRODUCT_BUNDLE_IDENTIFIER = com.biliww.MacRightClick;
				PRODUCT_NAME = "$(TARGET_NAME)";
				REGISTER_APP_GROUPS = YES;
				STRING_CATALOG_GENERATE_SYMBOLS = YES;
				SWIFT_APPROACHABLE_CONCURRENCY = YES;
				SWIFT_DEFAULT_ACTOR_ISOLATION = MainActor;
				SWIFT_EMIT_LOC_STRINGS = YES;
				SWIFT_UPCOMING_FEATURE_MEMBER_IMPORT_VISIBILITY = YES;
				SWIFT_VERSION = 5.0;
			};
			name = Debug;
		};
		57A55E082F39C4F0005A6194 /* Release */ = {
			isa = XCBuildConfiguration;
			buildSettings = {
				ASSETCATALOG_COMPILER_APPICON_NAME = AppIcon;
				ASSETCATALOG_COMPILER_GLOBAL_ACCENT_COLOR_NAME = AccentColor;
				CODE_SIGN_ENTITLEMENTS = MacRightClick/MacRightClick.entitlements;
				CODE_SIGN_STYLE = Automatic;
				COMBINE_HIDPI_IMAGES = YES;
				CURRENT_PROJECT_VERSION = 1;
				DEVELOPMENT_TEAM = 2VU69Q9CGK;
				ENABLE_APP_SANDBOX = YES;
				ENABLE_HARDENED_RUNTIME = YES;
				ENABLE_PREVIEWS = YES;
				ENABLE_USER_SELECTED_FILES = readonly;
				GENERATE_INFOPLIST_FILE = YES;
				INFOPLIST_KEY_NSHumanReadableCopyright = "";
				LD_RUNPATH_SEARCH_PATHS = (
					"$(inherited)",
					"@executable_path/../Frameworks",
				);
				MARKETING_VERSION = 1.0;
				PRODUCT_BUNDLE_IDENTIFIER = com.biliww.MacRightClick;
				PRODUCT_NAME = "$(TARGET_NAME)";
				REGISTER_APP_GROUPS = YES;
				STRING_CATALOG_GENERATE_SYMBOLS = YES;
				SWIFT_APPROACHABLE_CONCURRENCY = YES;
				SWIFT_DEFAULT_ACTOR_ISOLATION = MainActor;
				SWIFT_EMIT_LOC_STRINGS = YES;
				SWIFT_UPCOMING_FEATURE_MEMBER_IMPORT_VISIBILITY = YES;
				SWIFT_VERSION = 5.0;
			};
			name = Release;
		};
/* End XCBuildConfiguration section */

/* Begin XCConfigurationList section */
		2815F4B0C06DC0CEEA338E6A /* Build configuration list for PBXNativeTarget "MacRightClickFinderExtension" */ = {
			isa = XCConfigurationList;
			buildConfigurations = (
				343D896751901579FE4B6A28 /* Debug */,
				42CA4F3D9EA798B2CE4741BD /* Release */,
			);
			defaultConfigurationIsVisible = 0;
			defaultConfigurationName = Release;
		};
		57A55DF42F39C4EF005A6194 /* Build configuration list for PBXProject "MacRightClick" */ = {
			isa = XCConfigurationList;
			buildConfigurations = (
				57A55E042F39C4F0005A6194 /* Debug */,
				57A55E052F39C4F0005A6194 /* Release */,
			);
			defaultConfigurationIsVisible = 0;
			defaultConfigurationName = Release;
		};
		57A55E062F39C4F0005A6194 /* Build configuration list for PBXNativeTarget "MacRightClick" */ = {
			isa = XCConfigurationList;
			buildConfigurations = (
				57A55E072F39C4F0005A6194 /* Debug */,
				57A55E082F39C4F0005A6194 /* Release */,
			);
			defaultConfigurationIsVisible = 0;
			defaultConfigurationName = Release;
		};
/* End XCConfigurationList section */
	};
	rootObject = 57A55DF12F39C4EF005A6194 /* Project object */;
}
